
Microsoft Visual Studio Solution File, Format Version 12.00
# Visual Studio 15
VisualStudioVersion = 15.0.27428.2037
MinimumVisualStudioVersion = 10.0.40219.1
Project("{F2A71F9B-5D33-465A-A702-920D77279786}") = "Boyarlang", "Boyarlang\Boyarlang.fsproj", "{16BC8930-D3FD-4F0A-95A0-8FAB67482629}"
EndProject
Global
	GlobalSection(SolutionConfigurationPlatforms) = preSolution
		Debug|Any CPU = Debug|Any CPU
		Release|Any CPU = Release|Any CPU
	EndGlobalSection
	GlobalSection(ProjectConfigurationPlatforms) = postSolution
		{16BC8930-D3FD-4F0A-95A0-8FAB67482629}.Debug|Any CPU.ActiveCfg = Debug|Any CPU
		{16BC8930-D3FD-4F0A-95A0-8FAB67482629}.Debug|Any CPU.Build.0 = Debug|Any CPU
		{16BC8930-D3FD-4F0A-95A0-8FAB67482629}.Release|Any CPU.ActiveCfg = Release|Any CPU
		{16BC8930-D3FD-4F0A-95A0-8FAB67482629}.Release|Any CPU.Build.0 = Release|Any CPU
	EndGlobalSection
	GlobalSection(SolutionProperties) = preSolution
		HideSolutionNode = FALSE
	EndGlobalSection
	GlobalSection(ExtensibilityGlobals) = postSolution
		SolutionGuid = {D01ED786-CC22-4A2F-B320-4A473F14A29F}
	EndGlobalSection
EndGlobal
